// !$*UTF8*$!
{
	archiveVersion = 1;
	classes = {
	};
	objectVersion = 50;
	objects = {

/* Begin PBXBuildFile section */
		6B82159D26C4208E00A82325 /* CustomRowsAndButtonApp.swift in Sources */ = {isa = PBXBuildFile; fileRef = 6B82159C26C4208E00A82325 /* CustomRowsAndButtonApp.swift */; };
		6B82159F26C4208E00A82325 /* ContentView.swift in Sources */ = {isa = PBXBuildFile; fileRef = 6B82159E26C4208E00A82325 /* ContentView.swift */; };
		6B8215A126C4209000A82325 /* Assets.xcassets in Resources */ = {isa = PBXBuildFile; fileRef = 6B8215A026C4209000A82325 /* Assets.xcassets */; };
		6B8215A426C4209000A82325 /* Preview Assets.xcassets in Resources */ = {isa = PBXBuildFile; fileRef = 6B8215A326C4209000A82325 /* Preview Assets.xcassets */; };
		6B8215AC26C420D000A82325 /* MainView.swift in Sources */ = {isa = PBXBuildFile; fileRef = 6B8215AB26C420D000A82325 /* MainView.swift */; };
		6B8215B626C433D100A82325 /* extensions.swift in Sources */ = {isa = PBXBuildFile; fileRef = 6B8215B526C433D100A82325 /* extensions.swift */; };
		6B8215B826C433D800A82325 /* CustomSwipeableRow.swift in Sources */ = {isa = PBXBuildFile; fileRef = 6B8215B726C433D800A82325 /* CustomSwipeableRow.swift */; };
		6B8215BC26C433E700A82325 /* CustomRowButtons.swift in Sources */ = {isa = PBXBuildFile; fileRef = 6B8215BB26C433E700A82325 /* CustomRowButtons.swift */; };
		6B8215BE26C4787700A82325 /* CustomAudioButton.swift in Sources */ = {isa = PBXBuildFile; fileRef = 6B8215BD26C4787700A82325 /* CustomAudioButton.swift */; };
		6B8215C126C47F9C00A82325 /* dtmf_1 .mp3 in Resources */ = {isa = PBXBuildFile; fileRef = 6B8215C026C47F9C00A82325 /* dtmf_1 .mp3 */; };
/* End PBXBuildFile section */

/* Begin PBXFileReference section */
		6B82159926C4208E00A82325 /* CustomRowsAndButton.app */ = {isa = PBXFileReference; explicitFileType = wrapper.application; includeInIndex = 0; path = CustomRowsAndButton.app; sourceTree = BUILT_PRODUCTS_DIR; };
		6B82159C26C4208E00A82325 /* CustomRowsAndButtonApp.swift */ = {isa = PBXFileReference; lastKnownFileType = sourcecode.swift; path = CustomRowsAndButtonApp.swift; sourceTree = "<group>"; };
		6B82159E26C4208E00A82325 /* ContentView.swift */ = {isa = PBXFileReference; lastKnownFileType = sourcecode.swift; path = ContentView.swift; sourceTree = "<group>"; };
		6B8215A026C4209000A82325 /* Assets.xcassets */ = {isa = PBXFileReference; lastKnownFileType = folder.assetcatalog; path = Assets.xcassets; sourceTree = "<group>"; };
		6B8215A326C4209000A82325 /* Preview Assets.xcassets */ = {isa = PBXFileReference; lastKnownFileType = folder.assetcatalog; path = "Preview Assets.xcassets"; sourceTree = "<group>"; };
		6B8215A526C4209000A82325 /* Info.plist */ = {isa = PBXFileReference; lastKnownFileType = text.plist.xml; path = Info.plist; sourceTree = "<group>"; };
		6B8215AB26C420D000A82325 /* MainView.swift */ = {isa = PBXFileReference; lastKnownFileType = sourcecode.swift; path = MainView.swift; sourceTree = "<group>"; };
		6B8215B526C433D100A82325 /* extensions.swift */ = {isa = PBXFileReference; fileEncoding = 4; lastKnownFileType = sourcecode.swift; path = extensions.swift; sourceTree = "<group>"; };
		6B8215B726C433D800A82325 /* CustomSwipeableRow.swift */ = {isa = PBXFileReference; fileEncoding = 4; lastKnownFileType = sourcecode.swift; path = CustomSwipeableRow.swift; sourceTree = "<group>"; };
		6B8215BB26C433E700A82325 /* CustomRowButtons.swift */ = {isa = PBXFileReference; fileEncoding = 4; lastKnownFileType = sourcecode.swift; path = CustomRowButtons.swift; sourceTree = "<group>"; };
		6B8215BD26C4787700A82325 /* CustomAudioButton.swift */ = {isa = PBXFileReference; lastKnownFileType = sourcecode.swift; path = CustomAudioButton.swift; sourceTree = "<group>"; };
		6B8215BF26C479BC00A82325 /* dtmf_1.ogg */ = {isa = PBXFileReference; lastKnownFileType = file; path = dtmf_1.ogg; sourceTree = "<group>"; };
		6B8215C026C47F9C00A82325 /* dtmf_1 .mp3 */ = {isa = PBXFileReference; lastKnownFileType = audio.mp3; path = "dtmf_1 .mp3"; sourceTree = "<group>"; };
/* End PBXFileReference section */

/* Begin PBXFrameworksBuildPhase section */
		6B82159626C4208E00A82325 /* Frameworks */ = {
			isa = PBXFrameworksBuildPhase;
			buildActionMask = 2147483647;
			files = (
			);
			runOnlyForDeploymentPostprocessing = 0;
		};
/* End PBXFrameworksBuildPhase section */

/* Begin PBXGroup section */
		6B82159026C4208E00A82325 = {
			isa = PBXGroup;
			children = (
				6B82159B26C4208E00A82325 /* CustomRowsAndButton */,
				6B82159A26C4208E00A82325 /* Products */,
			);
			sourceTree = "<group>";
		};
		6B82159A26C4208E00A82325 /* Products */ = {
			isa = PBXGroup;
			children = (
				6B82159926C4208E00A82325 /* CustomRowsAndButton.app */,
			);
			name = Products;
			sourceTree = "<group>";
		};
		6B82159B26C4208E00A82325 /* CustomRowsAndButton */ = {
			isa = PBXGroup;
			children = (
				6B82159C26C4208E00A82325 /* CustomRowsAndButtonApp.swift */,
				6B82159E26C4208E00A82325 /* ContentView.swift */,
				6B8215C226C48D2100A82325 /* CustomRow */,
				6B8215BD26C4787700A82325 /* CustomAudioButton.swift */,
				6B8215C026C47F9C00A82325 /* dtmf_1 .mp3 */,
				6B8215BF26C479BC00A82325 /* dtmf_1.ogg */,
				6B8215B526C433D100A82325 /* extensions.swift */,
				6B8215A026C4209000A82325 /* Assets.xcassets */,
				6B8215A526C4209000A82325 /* Info.plist */,
				6B8215A226C4209000A82325 /* Preview Content */,
			);
			path = CustomRowsAndButton;
			sourceTree = "<group>";
		};
		6B8215A226C4209000A82325 /* Preview Content */ = {
			isa = PBXGroup;
			children = (
				6B8215A326C4209000A82325 /* Preview Assets.xcassets */,
			);
			path = "Preview Content";
			sourceTree = "<group>";
		};
		6B8215C226C48D2100A82325 /* CustomRow */ = {
			isa = PBXGroup;
			children = (
				6B8215AB26C420D000A82325 /* MainView.swift */,
				6B8215B726C433D800A82325 /* CustomSwipeableRow.swift */,
				6B8215BB26C433E700A82325 /* CustomRowButtons.swift */,
			);
			path = CustomRow;
			sourceTree = "<group>";
		};
/* End PBXGroup section */

/* Begin PBXNativeTarget section */
		6B82159826C4208E00A82325 /* CustomRowsAndButton */ = {
			isa = PBXNativeTarget;
			buildConfigurationList = 6B8215A826C4209000A82325 /* Build configuration list for PBXNativeTarget "CustomRowsAndButton" */;
			buildPhases = (
				6B82159526C4208E00A82325 /* Sources */,
				6B82159626C4208E00A82325 /* Frameworks */,
				6B82159726C4208E00A82325 /* Resources */,
			);
			buildRules = (
			);
			dependencies = (
			);
			name = CustomRowsAndButton;
			productName = CustomRowsAndButton;
			productReference = 6B82159926C4208E00A82325 /* CustomRowsAndButton.app */;
			productType = "com.apple.product-type.application";
		};
/* End PBXNativeTarget section */

/* Begin PBXProject section */
		6B82159126C4208E00A82325 /* Project object */ = {
			isa = PBXProject;
			attributes = {
				LastSwiftUpdateCheck = 1250;
				LastUpgradeCheck = 1250;
				TargetAttributes = {
					6B82159826C4208E00A82325 = {
						CreatedOnToolsVersion = 12.5.1;
					};
				};
			};
			buildConfigurationList = 6B82159426C4208E00A82325 /* Build configuration list for PBXProject "CustomRowsAndButton" */;
			compatibilityVersion = "Xcode 9.3";
			developmentRegion = en;
			hasScannedForEncodings = 0;
			knownRegions = (
				en,
				Base,
			);
			mainGroup = 6B82159026C4208E00A82325;
			productRefGroup = 6B82159A26C4208E00A82325 /* Products */;
			projectDirPath = "";
			projectRoot = "";
			targets = (
				6B82159826C4208E00A82325 /* CustomRowsAndButton */,
			);
		};
/* End PBXProject section */

/* Begin PBXResourcesBuildPhase section */
		6B82159726C4208E00A82325 /* Resources */ = {
			isa = PBXResourcesBuildPhase;
			buildActionMask = 2147483647;
			files = (
				6B8215C126C47F9C00A82325 /* dtmf_1 .mp3 in Resources */,
				6B8215A426C4209000A82325 /* Preview Assets.xcassets in Resources */,
				6B8215A126C4209000A82325 /* Assets.xcassets in Resources */,
			);
			runOnlyForDeploymentPostprocessing = 0;
		};
/* End PBXResourcesBuildPhase section */

/* Begin PBXSourcesBuildPhase section */
		6B82159526C4208E00A82325 /* Sources */ = {
			isa = PBXSourcesBuildPhase;
			buildActionMask = 2147483647;
			files = (
				6B82159F26C4208E00A82325 /* ContentView.swift in Sources */,
				6B8215AC26C420D000A82325 /* MainView.swift in Sources */,
				6B82159D26C4208E00A82325 /* CustomRowsAndButtonApp.swift in Sources */,
				6B8215B626C433D100A82325 /* extensions.swift in Sources */,
				6B8215BE26C4787700A82325 /* CustomAudioButton.swift in Sources */,
				6B8215BC26C433E700A82325 /* CustomRowButtons.swift in Sources */,
				6B8215B826C433D800A82325 /* CustomSwipeableRow.swift in Sources */,
			);
			runOnlyForDeploymentPostprocessing = 0;
		};
/* End PBXSourcesBuildPhase section */

/* Begin XCBuildConfiguration section */
		6B8215A626C4209000A82325 /* Debug */ = {
			isa = XCBuildConfiguration;
			buildSettings = {
				ALWAYS_SEARCH_USER_PATHS = NO;
				CLANG_ANALYZER_NONNULL = YES;
				CLANG_ANALYZER_NUMBER_OBJECT_CONVERSION = YES_AGGRESSIVE;
				CLANG_CXX_LANGUAGE_STANDARD = "gnu++14";
				CLANG_CXX_LIBRARY = "libc++";
				CLANG_ENABLE_MODULES = YES;
				CLANG_ENABLE_OBJC_ARC = YES;
				CLANG_ENABLE_OBJC_WEAK = YES;
				CLANG_WARN_BLOCK_CAPTURE_AUTORELEASING = YES;
				CLANG_WARN_BOOL_CONVERSION = YES;
				CLANG_WARN_COMMA = YES;
				CLANG_WARN_CONSTANT_CONVERSION = YES;
				CLANG_WARN_DEPRECATED_OBJC_IMPLEMENTATIONS = YES;
				CLANG_WARN_DIRECT_OBJC_ISA_USAGE = YES_ERROR;
				CLANG_WARN_DOCUMENTATION_COMMENTS = YES;
				CLANG_WARN_EMPTY_BODY = YES;
				CLANG_WARN_ENUM_CONVERSION = YES;
				CLANG_WARN_INFINITE_RECURSION = YES;
				CLANG_WARN_INT_CONVERSION = YES;
				CLANG_WARN_NON_LITERAL_NULL_CONVERSION = YES;
				CLANG_WARN_OBJC_IMPLICIT_RETAIN_SELF = YES;
				CLANG_WARN_OBJC_LITERAL_CONVERSION = YES;
				CLANG_WARN_OBJC_ROOT_CLASS = YES_ERROR;
				CLANG_WARN_QUOTED_INCLUDE_IN_FRAMEWORK_HEADER = YES;
				CLANG_WARN_RANGE_LOOP_ANALYSIS = YES;
				CLANG_WARN_STRICT_PROTOTYPES = YES;
				CLANG_WARN_SUSPICIOUS_MOVE = YES;
				CLANG_WARN_UNGUARDED_AVAILABILITY = YES_AGGRESSIVE;
				CLANG_WARN_UNREACHABLE_CODE = YES;
				CLANG_WARN__DUPLICATE_METHOD_MATCH = YES;
				COPY_PHASE_STRIP = NO;
				DEBUG_INFORMATION_FORMAT = dwarf;
				ENABLE_STRICT_OBJC_MSGSEND = YES;
				ENABLE_TESTABILITY = YES;
				GCC_C_LANGUAGE_STANDARD = gnu11;
				GCC_DYNAMIC_NO_PIC = NO;
				GCC_NO_COMMON_BLOCKS = YES;
				GCC_OPTIMIZATION_LEVEL = 0;
				GCC_PREPROCESSOR_DEFINITIONS = (
					"DEBUG=1",
					"$(inherited)",
				);
				GCC_WARN_64_TO_32_BIT_CONVERSION = YES;
				GCC_WARN_ABOUT_RETURN_TYPE = YES_ERROR;
				GCC_WARN_UNDECLARED_SELECTOR = YES;
				GCC_WARN_UNINITIALIZED_AUTOS = YES_AGGRESSIVE;
				GCC_WARN_UNUSED_FUNCTION = YES;
				GCC_WARN_UNUSED_VARIABLE = YES;
				IPHONEOS_DEPLOYMENT_TARGET = 14.5;
				MTL_ENABLE_DEBUG_INFO = INCLUDE_SOURCE;
				MTL_FAST_MATH = YES;
				ONLY_ACTIVE_ARCH = YES;
				SDKROOT = iphoneos;
				SWIFT_ACTIVE_COMPILATION_CONDITIONS = DEBUG;
				SWIFT_OPTIMIZATION_LEVEL = "-Onone";
			};
			name = Debug;
		};
		6B8215A726C4209000A82325 /* Release */ = {
			isa = XCBuildConfiguration;
			buildSettings = {
				ALWAYS_SEARCH_USER_PATHS = NO;
				CLANG_ANALYZER_NONNULL = YES;
				CLANG_ANALYZER_NUMBER_OBJECT_CONVERSION = YES_AGGRESSIVE;
				CLANG_CXX_LANGUAGE_STANDARD = "gnu++14";
				CLANG_CXX_LIBRARY = "libc++";
				CLANG_ENABLE_MODULES = YES;
				CLANG_ENABLE_OBJC_ARC = YES;
				CLANG_ENABLE_OBJC_WEAK = YES;
				CLANG_WARN_BLOCK_CAPTURE_AUTORELEASING = YES;
				CLANG_WARN_BOOL_CONVERSION = YES;
				CLANG_WARN_COMMA = YES;
				CLANG_WARN_CONSTANT_CONVERSION = YES;
				CLANG_WARN_DEPRECATED_OBJC_IMPLEMENTATIONS = YES;
				CLANG_WARN_DIRECT_OBJC_ISA_USAGE = YES_ERROR;
				CLANG_WARN_DOCUMENTATION_COMMENTS = YES;
				CLANG_WARN_EMPTY_BODY = YES;
				CLANG_WARN_ENUM_CONVERSION = YES;
				CLANG_WARN_INFINITE_RECURSION = YES;
				CLANG_WARN_INT_CONVERSION = YES;
				CLANG_WARN_NON_LITERAL_NULL_CONVERSION = YES;
				CLANG_WARN_OBJC_IMPLICIT_RETAIN_SELF = YES;
				CLANG_WARN_OBJC_LITERAL_CONVERSION = YES;
				CLANG_WARN_OBJC_ROOT_CLASS = YES_ERROR;
				CLANG_WARN_QUOTED_INCLUDE_IN_FRAMEWORK_HEADER = YES;
				CLANG_WARN_RANGE_LOOP_ANALYSIS = YES;
				CLANG_WARN_STRICT_PROTOTYPES = YES;
				CLANG_WARN_SUSPICIOUS_MOVE = YES;
				CLANG_WARN_UNGUARDED_AVAILABILITY = YES_AGGRESSIVE;
				CLANG_WARN_UNREACHABLE_CODE = YES;
				CLANG_WARN__DUPLICATE_METHOD_MATCH = YES;
				COPY_PHASE_STRIP = NO;
				DEBUG_INFORMATION_FORMAT = "dwarf-with-dsym";
				ENABLE_NS_ASSERTIONS = NO;
				ENABLE_STRICT_OBJC_MSGSEND = YES;
				GCC_C_LANGUAGE_STANDARD = gnu11;
				GCC_NO_COMMON_BLOCKS = YES;
				GCC_WARN_64_TO_32_BIT_CONVERSION = YES;
				GCC_WARN_ABOUT_RETURN_TYPE = YES_ERROR;
				GCC_WARN_UNDECLARED_SELECTOR = YES;
				GCC_WARN_UNINITIALIZED_AUTOS = YES_AGGRESSIVE;
				GCC_WARN_UNUSED_FUNCTION = YES;
				GCC_WARN_UNUSED_VARIABLE = YES;
				IPHONEOS_DEPLOYMENT_TARGET = 14.5;
				MTL_ENABLE_DEBUG_INFO = NO;
				MTL_FAST_MATH = YES;
				SDKROOT = iphoneos;
				SWIFT_COMPILATION_MODE = wholemodule;
				SWIFT_OPTIMIZATION_LEVEL = "-O";
				VALIDATE_PRODUCT = YES;
			};
			name = Release;
		};
		6B8215A926C4209000A82325 /* Debug */ = {
			isa = XCBuildConfiguration;
			buildSettings = {
				ASSETCATALOG_COMPILER_APPICON_NAME = AppIcon;
				ASSETCATALOG_COMPILER_GLOBAL_ACCENT_COLOR_NAME = AccentColor;
				CODE_SIGN_STYLE = Automatic;
				DEVELOPMENT_ASSET_PATHS = "\"CustomRowsAndButton/Preview Content\"";
				DEVELOPMENT_TEAM = XWJ7U5B2BL;
				ENABLE_PREVIEWS = YES;
				INFOPLIST_FILE = CustomRowsAndButton/Info.plist;
				IPHONEOS_DEPLOYMENT_TARGET = 14.0;
				LD_RUNPATH_SEARCH_PATHS = (
					"$(inherited)",
					"@executable_path/Frameworks",
				);
				PRODUCT_BUNDLE_IDENTIFIER = krakatoor.ru.CustomRowsAndButton;
				PRODUCT_NAME = "$(TARGET_NAME)";
				SWIFT_VERSION = 5.0;
				TARGETED_DEVICE_FAMILY = "1,2";
			};
			name = Debug;
		};
		6B8215AA26C4209000A82325 /* Release */ = {
			isa = XCBuildConfiguration;
			buildSettings = {
				ASSETCATALOG_COMPILER_APPICON_NAME = AppIcon;
				ASSETCATALOG_COMPILER_GLOBAL_ACCENT_COLOR_NAME = AccentColor;
				CODE_SIGN_STYLE = Automatic;
				DEVELOPMENT_ASSET_PATHS = "\"CustomRowsAndButton/Preview Content\"";
				DEVELOPMENT_TEAM = XWJ7U5B2BL;
				ENABLE_PREVIEWS = YES;
				INFOPLIST_FILE = CustomRowsAndButton/Info.plist;
				IPHONEOS_DEPLOYMENT_TARGET = 14.0;
				LD_RUNPATH_SEARCH_PATHS = (
					"$(inherited)",
					"@executable_path/Frameworks",
				);
				PRODUCT_BUNDLE_IDENTIFIER = krakatoor.ru.CustomRowsAndButton;
				PRODUCT_NAME = "$(TARGET_NAME)";
				SWIFT_VERSION = 5.0;
				TARGETED_DEVICE_FAMILY = "1,2";
			};
			name = Release;
		};
/* End XCBuildConfiguration section */

/* Begin XCConfigurationList section */
		6B82159426C4208E00A82325 /* Build configuration list for PBXProject "CustomRowsAndButton" */ = {
			isa = XCConfigurationList;
			buildConfigurations = (
				6B8215A626C4209000A82325 /* Debug */,
				6B8215A726C4209000A82325 /* Release */,
			);
			defaultConfigurationIsVisible = 0;
			defaultConfigurationName = Release;
		};
		6B8215A826C4209000A82325 /* Build configuration list for PBXNativeTarget "CustomRowsAndButton" */ = {
			isa = XCConfigurationList;
			buildConfigurations = (
				6B8215A926C4209000A82325 /* Debug */,
				6B8215AA26C4209000A82325 /* Release */,
			);
			defaultConfigurationIsVisible = 0;
			defaultConfigurationName = Release;
		};
/* End XCConfigurationList section */
	};
	rootObject = 6B82159126C4208E00A82325 /* Project object */;
}
